github.com/davecgh/go-spew v1.1.0 h1:ZDRjVQ15GmhC3fiQ8ni8+OwkZQO4DARzQgrnXU1Liz8=
github.com/davecgh/go-spew v1.1.0/go.mod h1:J7Y8YcW2NihsgmVo/mv3lAwl/skON4iLHjSsI+c5H38=
github.com/go-sql-driver/mysql v1.4.1 h1:g24URVg0OFbNUTx9qqY1IRZ9D9z3iPyi5zKhQZpNwpA=
github.com/go-sql-driver/mysql v1.4.1/go.mod h1:zAC/RDZ24gD3HViQzih4MyKcchzm+sOG5ZlKdlhCg5w=
github.com/golang/protobuf v1.2.0/go.mod h1:6lQm79b+lXiMfvg/cZm0SGofjICqVBUtrP5yJMmIC1U=
github.com/pmezard/go-difflib v1.0.0 h1:4DBwDE0NGyQoBHbLQYPwSUPoCMWR5BEzIk/f1lZbAQM=
github.com/pmezard/go-difflib v1.0.0/go.mod h1:iKH77koFhYxTK1pcRnkKkqfTogsbg7gZNVY4sRDYZ/4=
github.com/stretchr/objx v0.1.0 h1:4G4v2dO3VZwixGIRoQ5Lfboy6nUhCyYzaqnIAPPhYs4=
github.com/stretchr/objx v0.1.0/go.mod h1:HFkY916IF+rwdDfMAkV7OtwuqBVzrE8GR6GFx+wExME=
github.com/stretchr/testify v1.3.1-0.20190311161405-34c6fa2dc709 h1:Ko2LQMrRU+Oy/+EDBwX7eZ2jp3C47eDBB8EIhKTun+I=
github.com/stretchr/testify v1.3.1-0.20190311161405-34c6fa2dc709/go.mod h1:M5WIy9Dh21IEIfnGCwXGc5bZfKNJtfHm1UVUgZn+9EI=
github.com/wojnosystems/go_keyvaluer v1.0.1 h1:tmTLNSLKwWaN+YgKwiz2y7wA8swBIdlCJFu8RdvcsCo=
github.com/wojnosystems/go_keyvaluer v1.0.1/go.mod h1:VdLFFgO06LnWGvgHNwoihpShWAldf8KWNezHWqfE7ww=
github.com/wojnosystems/vsql v0.0.13 h1:KWzn2yOK4YV1ODY8Z6+pRI8o597tTuKbAtW2xqriILg=
github.com/wojnosystems/vsql v0.0.13/go.mod h1:sJgzAdSl90bjzxyQ4WruSjlwgSMoRvm+nHNKT22kLtg=
github.com/wojnosystems/vsql_engine v0.0.11 h1:n2eSEN2BkwxvML8zUZoCMkwQ85swFG1bISz1XPIyrEw=
github.com/wojnosystems/vsql_engine v0.0.11/go.mod h1:Kfjkbxrn/AUAHPsBV+3U5yTguDQm+SbqGFJDntREvUQ=
github.com/wojnosystems/vsql_engine v0.0.12 h1:9wvdf9oAE2MO+16FpeePG8nXlEPW9t+eyKvbJ4wv/Rc=
github.com/wojnosystems/vsql_engine v0.0.12/go.mod h1:Kfjkbxrn/AUAHPsBV+3U5yTguDQm+SbqGFJDntREvUQ=
github.com/wojnosystems/vsql_engine_go v0.0.2/go.mod h1:XoyBYVSbZb4gyu9kDtttSVNhlZ0AAnT8Nc0Wy+jBUCk=
github.com/wojnosystems/vsql_engine_go v0.0.3 h1:4jhLkqabinMJcBcJhdj168yiQLY6LHfSXhwv11Ug+/I=
github.com/wojnosystems/vsql_engine_go v0.0.3/go.mod h1:E/Pv+9gs2zOxfJecFbkFDy3TjOfO7VNzfVjtrAawUpI=
github.com/wojnosystems/vsql_engine_go v0.0.4 h1:14Wa3jvbMN8JuoJbVkpRC21UAOR3crTGGImUU3Z+FQs=
github.com/wojnosystems/vsql_engine_go v0.0.4/go.mod h1:E/Pv+9gs2zOxfJecFbkFDy3TjOfO7VNzfVjtrAawUpI=
golang.org/x/net v0.0.0-20180724234803-3673e40ba225/go.mod h1:mL1N/T3taQHkDXs73rZJwtUhF3w3ftmwwsq0BUmARs4=
golang.org/x/text v0.3.0/go.mod h1:NqM8EUOU14njkJ3fqMW+pc6Ldnwhi/IjpwHt7yyuwOQ=
google.golang.org/appengine v1.6.0 h1:Tfd7cKwKbFRsI8RMAD3oqqw7JPFRrvFlOsfbgVkjOOw=
google.golang.org/appengine v1.6.0/go.mod h1:xpcJRLb0r/rnEns0DIKYYv+WjYCduHsrkT7/EB5XEv4=
